
Microsoft Visual Studio Solution File, Format Version 12.00
# Visual Studio Version 17
VisualStudioVersion = 17.11.35303.130
MinimumVisualStudioVersion = 10.0.40219.1
Project("{FAE04EC0-301F-11D3-BF4B-00C04F79EFBC}") = "StudentPortal.Web", "StudentPortal.Web\StudentPortal.Web.csproj", "{BE8F4E0C-925A-4EB7-BC6E-6069F9D16001}"
EndProject
Global
	GlobalSection(SolutionConfigurationPlatforms) = preSolution
		Debug|Any CPU = Debug|Any CPU
		Release|Any CPU = Release|Any CPU
	EndGlobalSection
	GlobalSection(ProjectConfigurationPlatforms) = postSolution
		{BE8F4E0C-925A-4EB7-BC6E-6069F9D16001}.Debug|Any CPU.ActiveCfg = Debug|Any CPU
		{BE8F4E0C-925A-4EB7-BC6E-6069F9D16001}.Debug|Any CPU.Build.0 = Debug|Any CPU
		{BE8F4E0C-925A-4EB7-BC6E-6069F9D16001}.Release|Any CPU.ActiveCfg = Release|Any CPU
		{BE8F4E0C-925A-4EB7-BC6E-6069F9D16001}.Release|Any CPU.Build.0 = Release|Any CPU
	EndGlobalSection
	GlobalSection(SolutionProperties) = preSolution
		HideSolutionNode = FALSE
	EndGlobalSection
	GlobalSection(ExtensibilityGlobals) = postSolution
		SolutionGuid = {AA8F90F2-CC3A-4955-A73F-A8605B379A7F}
	EndGlobalSection
EndGlobal
